// !$*UTF8*$!
{
	archiveVersion = 1;
	classes = {
	};
	objectVersion = 55;
	objects = {

/* Begin PBXBuildFile section */
		C5080CC3280DBA1900B48BFD /* ScrumdingerOlivierApp.swift in Sources */ = {isa = PBXBuildFile; fileRef = C5080CC2280DBA1900B48BFD /* ScrumdingerOlivierApp.swift */; };
		C5080CC5280DBA1900B48BFD /* MeetingView.swift in Sources */ = {isa = PBXBuildFile; fileRef = C5080CC4280DBA1900B48BFD /* MeetingView.swift */; };
		C5080CC7280DBA1A00B48BFD /* Assets.xcassets in Resources */ = {isa = PBXBuildFile; fileRef = C5080CC6280DBA1A00B48BFD /* Assets.xcassets */; };
		C5080CCA280DBA1A00B48BFD /* Preview Assets.xcassets in Resources */ = {isa = PBXBuildFile; fileRef = C5080CC9280DBA1A00B48BFD /* Preview Assets.xcassets */; };
		C5080CD3280DD6CA00B48BFD /* Theme.swift in Sources */ = {isa = PBXBuildFile; fileRef = C5080CD2280DD6CA00B48BFD /* Theme.swift */; };
		C5080CD5280DD8D300B48BFD /* DailyScrum.swift in Sources */ = {isa = PBXBuildFile; fileRef = C5080CD4280DD8D300B48BFD /* DailyScrum.swift */; };
		C5080CD8280DDD9600B48BFD /* CardView.swift in Sources */ = {isa = PBXBuildFile; fileRef = C5080CD7280DDD9600B48BFD /* CardView.swift */; };
		C5080CDA280DEE3D00B48BFD /* TrailingIconLabelStyle.swift in Sources */ = {isa = PBXBuildFile; fileRef = C5080CD9280DEE3D00B48BFD /* TrailingIconLabelStyle.swift */; };
		C5080CDC280DF4F800B48BFD /* ScrumsView.swift in Sources */ = {isa = PBXBuildFile; fileRef = C5080CDB280DF4F800B48BFD /* ScrumsView.swift */; };
/* End PBXBuildFile section */

/* Begin PBXFileReference section */
		C5080CBF280DBA1900B48BFD /* ScrumdingerOlivier.app */ = {isa = PBXFileReference; explicitFileType = wrapper.application; includeInIndex = 0; path = ScrumdingerOlivier.app; sourceTree = BUILT_PRODUCTS_DIR; };
		C5080CC2280DBA1900B48BFD /* ScrumdingerOlivierApp.swift */ = {isa = PBXFileReference; lastKnownFileType = sourcecode.swift; path = ScrumdingerOlivierApp.swift; sourceTree = "<group>"; };
		C5080CC4280DBA1900B48BFD /* MeetingView.swift */ = {isa = PBXFileReference; lastKnownFileType = sourcecode.swift; path = MeetingView.swift; sourceTree = "<group>"; };
		C5080CC6280DBA1A00B48BFD /* Assets.xcassets */ = {isa = PBXFileReference; lastKnownFileType = folder.assetcatalog; path = Assets.xcassets; sourceTree = "<group>"; };
		C5080CC9280DBA1A00B48BFD /* Preview Assets.xcassets */ = {isa = PBXFileReference; lastKnownFileType = folder.assetcatalog; path = "Preview Assets.xcassets"; sourceTree = "<group>"; };
		C5080CD2280DD6CA00B48BFD /* Theme.swift */ = {isa = PBXFileReference; lastKnownFileType = sourcecode.swift; path = Theme.swift; sourceTree = "<group>"; };
		C5080CD4280DD8D300B48BFD /* DailyScrum.swift */ = {isa = PBXFileReference; lastKnownFileType = sourcecode.swift; path = DailyScrum.swift; sourceTree = "<group>"; };
		C5080CD7280DDD9600B48BFD /* CardView.swift */ = {isa = PBXFileReference; lastKnownFileType = sourcecode.swift; path = CardView.swift; sourceTree = "<group>"; };
		C5080CD9280DEE3D00B48BFD /* TrailingIconLabelStyle.swift */ = {isa = PBXFileReference; lastKnownFileType = sourcecode.swift; path = TrailingIconLabelStyle.swift; sourceTree = "<group>"; };
		C5080CDB280DF4F800B48BFD /* ScrumsView.swift */ = {isa = PBXFileReference; lastKnownFileType = sourcecode.swift; path = ScrumsView.swift; sourceTree = "<group>"; };
/* End PBXFileReference section */

/* Begin PBXFrameworksBuildPhase section */
		C5080CBC280DBA1900B48BFD /* Frameworks */ = {
			isa = PBXFrameworksBuildPhase;
			buildActionMask = 2147483647;
			files = (
			);
			runOnlyForDeploymentPostprocessing = 0;
		};
/* End PBXFrameworksBuildPhase section */

/* Begin PBXGroup section */
		C5080CB6280DBA1900B48BFD = {
			isa = PBXGroup;
			children = (
				C5080CC1280DBA1900B48BFD /* ScrumdingerOlivier */,
				C5080CC0280DBA1900B48BFD /* Products */,
			);
			sourceTree = "<group>";
		};
		C5080CC0280DBA1900B48BFD /* Products */ = {
			isa = PBXGroup;
			children = (
				C5080CBF280DBA1900B48BFD /* ScrumdingerOlivier.app */,
			);
			name = Products;
			sourceTree = "<group>";
		};
		C5080CC1280DBA1900B48BFD /* ScrumdingerOlivier */ = {
			isa = PBXGroup;
			children = (
				C5080CC2280DBA1900B48BFD /* ScrumdingerOlivierApp.swift */,
				C5080CC4280DBA1900B48BFD /* MeetingView.swift */,
				C5080CC6280DBA1A00B48BFD /* Assets.xcassets */,
				C5080CC8280DBA1A00B48BFD /* Preview Content */,
				C5080CD0280DBAD800B48BFD /* Model */,
				C5080CD1280DBAE300B48BFD /* View */,
			);
			path = ScrumdingerOlivier;
			sourceTree = "<group>";
		};
		C5080CC8280DBA1A00B48BFD /* Preview Content */ = {
			isa = PBXGroup;
			children = (
				C5080CC9280DBA1A00B48BFD /* Preview Assets.xcassets */,
			);
			path = "Preview Content";
			sourceTree = "<group>";
		};
		C5080CD0280DBAD800B48BFD /* Model */ = {
			isa = PBXGroup;
			children = (
				C5080CD2280DD6CA00B48BFD /* Theme.swift */,
				C5080CD4280DD8D300B48BFD /* DailyScrum.swift */,
				C5080CD9280DEE3D00B48BFD /* TrailingIconLabelStyle.swift */,
			);
			path = Model;
			sourceTree = "<group>";
		};
		C5080CD1280DBAE300B48BFD /* View */ = {
			isa = PBXGroup;
			children = (
				C5080CD7280DDD9600B48BFD /* CardView.swift */,
				C5080CDB280DF4F800B48BFD /* ScrumsView.swift */,
			);
			path = View;
			sourceTree = "<group>";
		};
/* End PBXGroup section */

/* Begin PBXNativeTarget section */
		C5080CBE280DBA1900B48BFD /* ScrumdingerOlivier */ = {
			isa = PBXNativeTarget;
			buildConfigurationList = C5080CCD280DBA1A00B48BFD /* Build configuration list for PBXNativeTarget "ScrumdingerOlivier" */;
			buildPhases = (
				C5080CBB280DBA1900B48BFD /* Sources */,
				C5080CBC280DBA1900B48BFD /* Frameworks */,
				C5080CBD280DBA1900B48BFD /* Resources */,
			);
			buildRules = (
			);
			dependencies = (
			);
			name = ScrumdingerOlivier;
			productName = ScrumdingerOlivier;
			productReference = C5080CBF280DBA1900B48BFD /* ScrumdingerOlivier.app */;
			productType = "com.apple.product-type.application";
		};
/* End PBXNativeTarget section */

/* Begin PBXProject section */
		C5080CB7280DBA1900B48BFD /* Project object */ = {
			isa = PBXProject;
			attributes = {
				BuildIndependentTargetsInParallel = 1;
				LastSwiftUpdateCheck = 1330;
				LastUpgradeCheck = 1330;
				TargetAttributes = {
					C5080CBE280DBA1900B48BFD = {
						CreatedOnToolsVersion = 13.3.1;
					};
				};
			};
			buildConfigurationList = C5080CBA280DBA1900B48BFD /* Build configuration list for PBXProject "ScrumdingerOlivier" */;
			compatibilityVersion = "Xcode 13.0";
			developmentRegion = en;
			hasScannedForEncodings = 0;
			knownRegions = (
				en,
				Base,
			);
			mainGroup = C5080CB6280DBA1900B48BFD;
			productRefGroup = C5080CC0280DBA1900B48BFD /* Products */;
			projectDirPath = "";
			projectRoot = "";
			targets = (
				C5080CBE280DBA1900B48BFD /* ScrumdingerOlivier */,
			);
		};
/* End PBXProject section */

/* Begin PBXResourcesBuildPhase section */
		C5080CBD280DBA1900B48BFD /* Resources */ = {
			isa = PBXResourcesBuildPhase;
			buildActionMask = 2147483647;
			files = (
				C5080CCA280DBA1A00B48BFD /* Preview Assets.xcassets in Resources */,
				C5080CC7280DBA1A00B48BFD /* Assets.xcassets in Resources */,
			);
			runOnlyForDeploymentPostprocessing = 0;
		};
/* End PBXResourcesBuildPhase section */

/* Begin PBXSourcesBuildPhase section */
		C5080CBB280DBA1900B48BFD /* Sources */ = {
			isa = PBXSourcesBuildPhase;
			buildActionMask = 2147483647;
			files = (
				C5080CD5280DD8D300B48BFD /* DailyScrum.swift in Sources */,
				C5080CDA280DEE3D00B48BFD /* TrailingIconLabelStyle.swift in Sources */,
				C5080CD3280DD6CA00B48BFD /* Theme.swift in Sources */,
				C5080CDC280DF4F800B48BFD /* ScrumsView.swift in Sources */,
				C5080CC5280DBA1900B48BFD /* MeetingView.swift in Sources */,
				C5080CC3280DBA1900B48BFD /* ScrumdingerOlivierApp.swift in Sources */,
				C5080CD8280DDD9600B48BFD /* CardView.swift in Sources */,
			);
			runOnlyForDeploymentPostprocessing = 0;
		};
/* End PBXSourcesBuildPhase section */

/* Begin XCBuildConfiguration section */
		C5080CCB280DBA1A00B48BFD /* Debug */ = {
			isa = XCBuildConfiguration;
			buildSettings = {
				ALWAYS_SEARCH_USER_PATHS = NO;
				CLANG_ANALYZER_NONNULL = YES;
				CLANG_ANALYZER_NUMBER_OBJECT_CONVERSION = YES_AGGRESSIVE;
				CLANG_CXX_LANGUAGE_STANDARD = "gnu++17";
				CLANG_ENABLE_MODULES = YES;
				CLANG_ENABLE_OBJC_ARC = YES;
				CLANG_ENABLE_OBJC_WEAK = YES;
				CLANG_WARN_BLOCK_CAPTURE_AUTORELEASING = YES;
				CLANG_WARN_BOOL_CONVERSION = YES;
				CLANG_WARN_COMMA = YES;
				CLANG_WARN_CONSTANT_CONVERSION = YES;
				CLANG_WARN_DEPRECATED_OBJC_IMPLEMENTATIONS = YES;
				CLANG_WARN_DIRECT_OBJC_ISA_USAGE = YES_ERROR;
				CLANG_WARN_DOCUMENTATION_COMMENTS = YES;
				CLANG_WARN_EMPTY_BODY = YES;
				CLANG_WARN_ENUM_CONVERSION = YES;
				CLANG_WARN_INFINITE_RECURSION = YES;
				CLANG_WARN_INT_CONVERSION = YES;
				CLANG_WARN_NON_LITERAL_NULL_CONVERSION = YES;
				CLANG_WARN_OBJC_IMPLICIT_RETAIN_SELF = YES;
				CLANG_WARN_OBJC_LITERAL_CONVERSION = YES;
				CLANG_WARN_OBJC_ROOT_CLASS = YES_ERROR;
				CLANG_WARN_QUOTED_INCLUDE_IN_FRAMEWORK_HEADER = YES;
				CLANG_WARN_RANGE_LOOP_ANALYSIS = YES;
				CLANG_WARN_STRICT_PROTOTYPES = YES;
				CLANG_WARN_SUSPICIOUS_MOVE = YES;
				CLANG_WARN_UNGUARDED_AVAILABILITY = YES_AGGRESSIVE;
				CLANG_WARN_UNREACHABLE_CODE = YES;
				CLANG_WARN__DUPLICATE_METHOD_MATCH = YES;
				COPY_PHASE_STRIP = NO;
				DEBUG_INFORMATION_FORMAT = dwarf;
				ENABLE_STRICT_OBJC_MSGSEND = YES;
				ENABLE_TESTABILITY = YES;
				GCC_C_LANGUAGE_STANDARD = gnu11;
				GCC_DYNAMIC_NO_PIC = NO;
				GCC_NO_COMMON_BLOCKS = YES;
				GCC_OPTIMIZATION_LEVEL = 0;
				GCC_PREPROCESSOR_DEFINITIONS = (
					"DEBUG=1",
					"$(inherited)",
				);
				GCC_WARN_64_TO_32_BIT_CONVERSION = YES;
				GCC_WARN_ABOUT_RETURN_TYPE = YES_ERROR;
				GCC_WARN_UNDECLARED_SELECTOR = YES;
				GCC_WARN_UNINITIALIZED_AUTOS = YES_AGGRESSIVE;
				GCC_WARN_UNUSED_FUNCTION = YES;
				GCC_WARN_UNUSED_VARIABLE = YES;
				IPHONEOS_DEPLOYMENT_TARGET = 15.4;
				MTL_ENABLE_DEBUG_INFO = INCLUDE_SOURCE;
				MTL_FAST_MATH = YES;
				ONLY_ACTIVE_ARCH = YES;
				SDKROOT = iphoneos;
				SWIFT_ACTIVE_COMPILATION_CONDITIONS = DEBUG;
				SWIFT_OPTIMIZATION_LEVEL = "-Onone";
			};
			name = Debug;
		};
		C5080CCC280DBA1A00B48BFD /* Release */ = {
			isa = XCBuildConfiguration;
			buildSettings = {
				ALWAYS_SEARCH_USER_PATHS = NO;
				CLANG_ANALYZER_NONNULL = YES;
				CLANG_ANALYZER_NUMBER_OBJECT_CONVERSION = YES_AGGRESSIVE;
				CLANG_CXX_LANGUAGE_STANDARD = "gnu++17";
				CLANG_ENABLE_MODULES = YES;
				CLANG_ENABLE_OBJC_ARC = YES;
				CLANG_ENABLE_OBJC_WEAK = YES;
				CLANG_WARN_BLOCK_CAPTURE_AUTORELEASING = YES;
				CLANG_WARN_BOOL_CONVERSION = YES;
				CLANG_WARN_COMMA = YES;
				CLANG_WARN_CONSTANT_CONVERSION = YES;
				CLANG_WARN_DEPRECATED_OBJC_IMPLEMENTATIONS = YES;
				CLANG_WARN_DIRECT_OBJC_ISA_USAGE = YES_ERROR;
				CLANG_WARN_DOCUMENTATION_COMMENTS = YES;
				CLANG_WARN_EMPTY_BODY = YES;
				CLANG_WARN_ENUM_CONVERSION = YES;
				CLANG_WARN_INFINITE_RECURSION = YES;
				CLANG_WARN_INT_CONVERSION = YES;
				CLANG_WARN_NON_LITERAL_NULL_CONVERSION = YES;
				CLANG_WARN_OBJC_IMPLICIT_RETAIN_SELF = YES;
				CLANG_WARN_OBJC_LITERAL_CONVERSION = YES;
				CLANG_WARN_OBJC_ROOT_CLASS = YES_ERROR;
				CLANG_WARN_QUOTED_INCLUDE_IN_FRAMEWORK_HEADER = YES;
				CLANG_WARN_RANGE_LOOP_ANALYSIS = YES;
				CLANG_WARN_STRICT_PROTOTYPES = YES;
				CLANG_WARN_SUSPICIOUS_MOVE = YES;
				CLANG_WARN_UNGUARDED_AVAILABILITY = YES_AGGRESSIVE;
				CLANG_WARN_UNREACHABLE_CODE = YES;
				CLANG_WARN__DUPLICATE_METHOD_MATCH = YES;
				COPY_PHASE_STRIP = NO;
				DEBUG_INFORMATION_FORMAT = "dwarf-with-dsym";
				ENABLE_NS_ASSERTIONS = NO;
				ENABLE_STRICT_OBJC_MSGSEND = YES;
				GCC_C_LANGUAGE_STANDARD = gnu11;
				GCC_NO_COMMON_BLOCKS = YES;
				GCC_WARN_64_TO_32_BIT_CONVERSION = YES;
				GCC_WARN_ABOUT_RETURN_TYPE = YES_ERROR;
				GCC_WARN_UNDECLARED_SELECTOR = YES;
				GCC_WARN_UNINITIALIZED_AUTOS = YES_AGGRESSIVE;
				GCC_WARN_UNUSED_FUNCTION = YES;
				GCC_WARN_UNUSED_VARIABLE = YES;
				IPHONEOS_DEPLOYMENT_TARGET = 15.4;
				MTL_ENABLE_DEBUG_INFO = NO;
				MTL_FAST_MATH = YES;
				SDKROOT = iphoneos;
				SWIFT_COMPILATION_MODE = wholemodule;
				SWIFT_OPTIMIZATION_LEVEL = "-O";
				VALIDATE_PRODUCT = YES;
			};
			name = Release;
		};
		C5080CCE280DBA1A00B48BFD /* Debug */ = {
			isa = XCBuildConfiguration;
			buildSettings = {
				ASSETCATALOG_COMPILER_APPICON_NAME = AppIcon;
				ASSETCATALOG_COMPILER_GLOBAL_ACCENT_COLOR_NAME = AccentColor;
				CODE_SIGN_STYLE = Automatic;
				CURRENT_PROJECT_VERSION = 1;
				DEVELOPMENT_ASSET_PATHS = "\"ScrumdingerOlivier/Preview Content\"";
				DEVELOPMENT_TEAM = PKTBX2CYQK;
				ENABLE_PREVIEWS = YES;
				GENERATE_INFOPLIST_FILE = YES;
				INFOPLIST_KEY_UIApplicationSceneManifest_Generation = YES;
				INFOPLIST_KEY_UIApplicationSupportsIndirectInputEvents = YES;
				INFOPLIST_KEY_UILaunchScreen_Generation = YES;
				INFOPLIST_KEY_UISupportedInterfaceOrientations_iPad = "UIInterfaceOrientationPortrait UIInterfaceOrientationPortraitUpsideDown UIInterfaceOrientationLandscapeLeft UIInterfaceOrientationLandscapeRight";
				INFOPLIST_KEY_UISupportedInterfaceOrientations_iPhone = "UIInterfaceOrientationPortrait UIInterfaceOrientationLandscapeLeft UIInterfaceOrientationLandscapeRight";
				LD_RUNPATH_SEARCH_PATHS = (
					"$(inherited)",
					"@executable_path/Frameworks",
				);
				MARKETING_VERSION = 1.0;
				PRODUCT_BUNDLE_IDENTIFIER = nicefiction.ScrumdingerOlivier;
				PRODUCT_NAME = "$(TARGET_NAME)";
				SWIFT_EMIT_LOC_STRINGS = YES;
				SWIFT_VERSION = 5.0;
				TARGETED_DEVICE_FAMILY = "1,2";
			};
			name = Debug;
		};
		C5080CCF280DBA1A00B48BFD /* Release */ = {
			isa = XCBuildConfiguration;
			buildSettings = {
				ASSETCATALOG_COMPILER_APPICON_NAME = AppIcon;
				ASSETCATALOG_COMPILER_GLOBAL_ACCENT_COLOR_NAME = AccentColor;
				CODE_SIGN_STYLE = Automatic;
				CURRENT_PROJECT_VERSION = 1;
				DEVELOPMENT_ASSET_PATHS = "\"ScrumdingerOlivier/Preview Content\"";
				DEVELOPMENT_TEAM = PKTBX2CYQK;
				ENABLE_PREVIEWS = YES;
				GENERATE_INFOPLIST_FILE = YES;
				INFOPLIST_KEY_UIApplicationSceneManifest_Generation = YES;
				INFOPLIST_KEY_UIApplicationSupportsIndirectInputEvents = YES;
				INFOPLIST_KEY_UILaunchScreen_Generation = YES;
				INFOPLIST_KEY_UISupportedInterfaceOrientations_iPad = "UIInterfaceOrientationPortrait UIInterfaceOrientationPortraitUpsideDown UIInterfaceOrientationLandscapeLeft UIInterfaceOrientationLandscapeRight";
				INFOPLIST_KEY_UISupportedInterfaceOrientations_iPhone = "UIInterfaceOrientationPortrait UIInterfaceOrientationLandscapeLeft UIInterfaceOrientationLandscapeRight";
				LD_RUNPATH_SEARCH_PATHS = (
					"$(inherited)",
					"@executable_path/Frameworks",
				);
				MARKETING_VERSION = 1.0;
				PRODUCT_BUNDLE_IDENTIFIER = nicefiction.ScrumdingerOlivier;
				PRODUCT_NAME = "$(TARGET_NAME)";
				SWIFT_EMIT_LOC_STRINGS = YES;
				SWIFT_VERSION = 5.0;
				TARGETED_DEVICE_FAMILY = "1,2";
			};
			name = Release;
		};
/* End XCBuildConfiguration section */

/* Begin XCConfigurationList section */
		C5080CBA280DBA1900B48BFD /* Build configuration list for PBXProject "ScrumdingerOlivier" */ = {
			isa = XCConfigurationList;
			buildConfigurations = (
				C5080CCB280DBA1A00B48BFD /* Debug */,
				C5080CCC280DBA1A00B48BFD /* Release */,
			);
			defaultConfigurationIsVisible = 0;
			defaultConfigurationName = Release;
		};
		C5080CCD280DBA1A00B48BFD /* Build configuration list for PBXNativeTarget "ScrumdingerOlivier" */ = {
			isa = XCConfigurationList;
			buildConfigurations = (
				C5080CCE280DBA1A00B48BFD /* Debug */,
				C5080CCF280DBA1A00B48BFD /* Release */,
			);
			defaultConfigurationIsVisible = 0;
			defaultConfigurationName = Release;
		};
/* End XCConfigurationList section */
	};
	rootObject = C5080CB7280DBA1900B48BFD /* Project object */;
}
