// !$*UTF8*$!
{
	archiveVersion = 1;
	classes = {
	};
	objectVersion = 55;
	objects = {

/* Begin PBXBuildFile section */
		C5080CC3280DBA1900B48BFD /* ScrumdingerOlivierApp.swift in Sources */ = {isa = PBXBuildFile; fileRef = C5080CC2280DBA1900B48BFD /* ScrumdingerOlivierApp.swift */; };
		C5080CC5280DBA1900B48BFD /* MeetingView.swift in Sources */ = {isa = PBXBuildFile; fileRef = C5080CC4280DBA1900B48BFD /* MeetingView.swift */; };
		C5080CC7280DBA1A00B48BFD /* Assets.xcassets in Resources */ = {isa = PBXBuildFile; fileRef = C5080CC6280DBA1A00B48BFD /* Assets.xcassets */; };
		C5080CCA280DBA1A00B48BFD /* Preview Assets.xcassets in Resources */ = {isa = PBXBuildFile; fileRef = C5080CC9280DBA1A00B48BFD /* Preview Assets.xcassets */; };
		C5080CD3280DD6CA00B48BFD /* Theme.swift in Sources */ = {isa = PBXBuildFile; fileRef = C5080CD2280DD6CA00B48BFD /* Theme.swift */; };
		C5080CD5280DD8D300B48BFD /* DailyScrum.swift in Sources */ = {isa = PBXBuildFile; fileRef = C5080CD4280DD8D300B48BFD /* DailyScrum.swift */; };
		C5080CD8280DDD9600B48BFD /* CardView.swift in Sources */ = {isa = PBXBuildFile; fileRef = C5080CD7280DDD9600B48BFD /* CardView.swift */; };
		C5080CDA280DEE3D00B48BFD /* TrailingIconLabelStyle.swift in Sources */ = {isa = PBXBuildFile; fileRef = C5080CD9280DEE3D00B48BFD /* TrailingIconLabelStyle.swift */; };
		C5080CDC280DF4F800B48BFD /* ScrumsView.swift in Sources */ = {isa = PBXBuildFile; fileRef = C5080CDB280DF4F800B48BFD /* ScrumsView.swift */; };
		C5080CDE280EA19500B48BFD /* DetailView.swift in Sources */ = {isa = PBXBuildFile; fileRef = C5080CDD280EA19500B48BFD /* DetailView.swift */; };
		C5080CE0280EE29800B48BFD /* DetailEditView.swift in Sources */ = {isa = PBXBuildFile; fileRef = C5080CDF280EE29800B48BFD /* DetailEditView.swift */; };
		C53A5EF8280FFE5800EC3C9D /* AVPlayer + Ding.swift in Sources */ = {isa = PBXBuildFile; fileRef = C53A5EF7280FFE5800EC3C9D /* AVPlayer + Ding.swift */; };
		C53A5EFB2810009600EC3C9D /* ding.wav in Resources */ = {isa = PBXBuildFile; fileRef = C53A5EFA2810009600EC3C9D /* ding.wav */; };
		C53A5EFD28100CEF00EC3C9D /* History.swift in Sources */ = {isa = PBXBuildFile; fileRef = C53A5EFC28100CEF00EC3C9D /* History.swift */; };
		C53A5EFF28104A1000EC3C9D /* DailyScrum - Attendee.swift in Sources */ = {isa = PBXBuildFile; fileRef = C53A5EFE28104A1000EC3C9D /* DailyScrum - Attendee.swift */; };
		C53A5F0128104A9400EC3C9D /* DailyScrum - Data.swift in Sources */ = {isa = PBXBuildFile; fileRef = C53A5F0028104A9400EC3C9D /* DailyScrum - Data.swift */; };
		C53A5F0528104D7B00EC3C9D /* Array + DailyScrum.swift in Sources */ = {isa = PBXBuildFile; fileRef = C53A5F0428104D7B00EC3C9D /* Array + DailyScrum.swift */; };
		C53A5F0728104E3100EC3C9D /* DailyScrum + ScrumTimer.swift in Sources */ = {isa = PBXBuildFile; fileRef = C53A5F0628104E3100EC3C9D /* DailyScrum + ScrumTimer.swift */; };
		C53A5F0928104E9A00EC3C9D /* LabelStyle + TrailingIconLabelStyle.swift in Sources */ = {isa = PBXBuildFile; fileRef = C53A5F0828104E9A00EC3C9D /* LabelStyle + TrailingIconLabelStyle.swift */; };
		C53A5F0B2810502B00EC3C9D /* ScrumStore.swift in Sources */ = {isa = PBXBuildFile; fileRef = C53A5F0A2810502B00EC3C9D /* ScrumStore.swift */; };
		C53A5F0E281130D100EC3C9D /* ScrumsListSeparator.swift in Sources */ = {isa = PBXBuildFile; fileRef = C53A5F0D281130D100EC3C9D /* ScrumsListSeparator.swift */; };
		C53A5F1028114A1500EC3C9D /* ErrorWrapper.swift in Sources */ = {isa = PBXBuildFile; fileRef = C53A5F0F28114A1500EC3C9D /* ErrorWrapper.swift */; };
		C53A5F1228114B9A00EC3C9D /* ErrorView.swift in Sources */ = {isa = PBXBuildFile; fileRef = C53A5F1128114B9A00EC3C9D /* ErrorView.swift */; };
		C53A5F1428115ED000EC3C9D /* MeetingTimerView.swift in Sources */ = {isa = PBXBuildFile; fileRef = C53A5F1328115ED000EC3C9D /* MeetingTimerView.swift */; };
		C53A5F162811630400EC3C9D /* ScrumTimer - Speaker.swift in Sources */ = {isa = PBXBuildFile; fileRef = C53A5F152811630400EC3C9D /* ScrumTimer - Speaker.swift */; };
		C53A5F192811914400EC3C9D /* SpeakerArc.swift in Sources */ = {isa = PBXBuildFile; fileRef = C53A5F182811914400EC3C9D /* SpeakerArc.swift */; };
		C53A5F1B2811A00700EC3C9D /* SpeechRecognizer.swift in Sources */ = {isa = PBXBuildFile; fileRef = C53A5F1A2811A00700EC3C9D /* SpeechRecognizer.swift */; };
		C53A5F1D2811A09200EC3C9D /* SpeechRecognizer - RecognizerError.swift in Sources */ = {isa = PBXBuildFile; fileRef = C53A5F1C2811A09200EC3C9D /* SpeechRecognizer - RecognizerError.swift */; };
		C53A5F1F2811A21000EC3C9D /* SFSpeechRecognizer.swift in Sources */ = {isa = PBXBuildFile; fileRef = C53A5F1E2811A21000EC3C9D /* SFSpeechRecognizer.swift */; };
		C53A5F212811A28400EC3C9D /* AVAudioSession.swift in Sources */ = {isa = PBXBuildFile; fileRef = C53A5F202811A28400EC3C9D /* AVAudioSession.swift */; };
		C53A5F232811D4B900EC3C9D /* HistoryView.swift in Sources */ = {isa = PBXBuildFile; fileRef = C53A5F222811D4B900EC3C9D /* HistoryView.swift */; };
		C53A5F252811D76A00EC3C9D /* History + ListFormatter.swift in Sources */ = {isa = PBXBuildFile; fileRef = C53A5F242811D76A00EC3C9D /* History + ListFormatter.swift */; };
		C57838B2280EF48700D40214 /* ThemeView.swift in Sources */ = {isa = PBXBuildFile; fileRef = C57838B1280EF48700D40214 /* ThemeView.swift */; };
		C57838B4280EF84100D40214 /* ThemePicker.swift in Sources */ = {isa = PBXBuildFile; fileRef = C57838B3280EF84100D40214 /* ThemePicker.swift */; };
		C5C2FA62280F3C8A004733F4 /* MeetingHeaderView.swift in Sources */ = {isa = PBXBuildFile; fileRef = C5C2FA61280F3C8A004733F4 /* MeetingHeaderView.swift */; };
		C5C2FA64280F473F004733F4 /* ScrumProgressViewStyle.swift in Sources */ = {isa = PBXBuildFile; fileRef = C5C2FA63280F473F004733F4 /* ScrumProgressViewStyle.swift */; };
		C5C2FA66280F48A7004733F4 /* ScrumTimer.swift in Sources */ = {isa = PBXBuildFile; fileRef = C5C2FA65280F48A7004733F4 /* ScrumTimer.swift */; };
		C5C2FA69280F4E41004733F4 /* MeetingFooterView.swift in Sources */ = {isa = PBXBuildFile; fileRef = C5C2FA68280F4E41004733F4 /* MeetingFooterView.swift */; };
/* End PBXBuildFile section */

/* Begin PBXFileReference section */
		C5080CBF280DBA1900B48BFD /* ScrumdingerOlivier.app */ = {isa = PBXFileReference; explicitFileType = wrapper.application; includeInIndex = 0; path = ScrumdingerOlivier.app; sourceTree = BUILT_PRODUCTS_DIR; };
		C5080CC2280DBA1900B48BFD /* ScrumdingerOlivierApp.swift */ = {isa = PBXFileReference; lastKnownFileType = sourcecode.swift; path = ScrumdingerOlivierApp.swift; sourceTree = "<group>"; };
		C5080CC4280DBA1900B48BFD /* MeetingView.swift */ = {isa = PBXFileReference; lastKnownFileType = sourcecode.swift; path = MeetingView.swift; sourceTree = "<group>"; };
		C5080CC6280DBA1A00B48BFD /* Assets.xcassets */ = {isa = PBXFileReference; lastKnownFileType = folder.assetcatalog; path = Assets.xcassets; sourceTree = "<group>"; };
		C5080CC9280DBA1A00B48BFD /* Preview Assets.xcassets */ = {isa = PBXFileReference; lastKnownFileType = folder.assetcatalog; path = "Preview Assets.xcassets"; sourceTree = "<group>"; };
		C5080CD2280DD6CA00B48BFD /* Theme.swift */ = {isa = PBXFileReference; lastKnownFileType = sourcecode.swift; path = Theme.swift; sourceTree = "<group>"; };
		C5080CD4280DD8D300B48BFD /* DailyScrum.swift */ = {isa = PBXFileReference; lastKnownFileType = sourcecode.swift; path = DailyScrum.swift; sourceTree = "<group>"; };
		C5080CD7280DDD9600B48BFD /* CardView.swift */ = {isa = PBXFileReference; lastKnownFileType = sourcecode.swift; path = CardView.swift; sourceTree = "<group>"; };
		C5080CD9280DEE3D00B48BFD /* TrailingIconLabelStyle.swift */ = {isa = PBXFileReference; lastKnownFileType = sourcecode.swift; path = TrailingIconLabelStyle.swift; sourceTree = "<group>"; };
		C5080CDB280DF4F800B48BFD /* ScrumsView.swift */ = {isa = PBXFileReference; lastKnownFileType = sourcecode.swift; path = ScrumsView.swift; sourceTree = "<group>"; };
		C5080CDD280EA19500B48BFD /* DetailView.swift */ = {isa = PBXFileReference; lastKnownFileType = sourcecode.swift; path = DetailView.swift; sourceTree = "<group>"; };
		C5080CDF280EE29800B48BFD /* DetailEditView.swift */ = {isa = PBXFileReference; lastKnownFileType = sourcecode.swift; path = DetailEditView.swift; sourceTree = "<group>"; };
		C53A5EF7280FFE5800EC3C9D /* AVPlayer + Ding.swift */ = {isa = PBXFileReference; lastKnownFileType = sourcecode.swift; path = "AVPlayer + Ding.swift"; sourceTree = "<group>"; };
		C53A5EFA2810009600EC3C9D /* ding.wav */ = {isa = PBXFileReference; lastKnownFileType = audio.wav; path = ding.wav; sourceTree = "<group>"; };
		C53A5EFC28100CEF00EC3C9D /* History.swift */ = {isa = PBXFileReference; lastKnownFileType = sourcecode.swift; path = History.swift; sourceTree = "<group>"; };
		C53A5EFE28104A1000EC3C9D /* DailyScrum - Attendee.swift */ = {isa = PBXFileReference; lastKnownFileType = sourcecode.swift; path = "DailyScrum - Attendee.swift"; sourceTree = "<group>"; };
		C53A5F0028104A9400EC3C9D /* DailyScrum - Data.swift */ = {isa = PBXFileReference; lastKnownFileType = sourcecode.swift; path = "DailyScrum - Data.swift"; sourceTree = "<group>"; };
		C53A5F0428104D7B00EC3C9D /* Array + DailyScrum.swift */ = {isa = PBXFileReference; lastKnownFileType = sourcecode.swift; path = "Array + DailyScrum.swift"; sourceTree = "<group>"; };
		C53A5F0628104E3100EC3C9D /* DailyScrum + ScrumTimer.swift */ = {isa = PBXFileReference; lastKnownFileType = sourcecode.swift; path = "DailyScrum + ScrumTimer.swift"; sourceTree = "<group>"; };
		C53A5F0828104E9A00EC3C9D /* LabelStyle + TrailingIconLabelStyle.swift */ = {isa = PBXFileReference; lastKnownFileType = sourcecode.swift; path = "LabelStyle + TrailingIconLabelStyle.swift"; sourceTree = "<group>"; };
		C53A5F0A2810502B00EC3C9D /* ScrumStore.swift */ = {isa = PBXFileReference; lastKnownFileType = sourcecode.swift; path = ScrumStore.swift; sourceTree = "<group>"; };
		C53A5F0D281130D100EC3C9D /* ScrumsListSeparator.swift */ = {isa = PBXFileReference; lastKnownFileType = sourcecode.swift; path = ScrumsListSeparator.swift; sourceTree = "<group>"; };
		C53A5F0F28114A1500EC3C9D /* ErrorWrapper.swift */ = {isa = PBXFileReference; lastKnownFileType = sourcecode.swift; path = ErrorWrapper.swift; sourceTree = "<group>"; };
		C53A5F1128114B9A00EC3C9D /* ErrorView.swift */ = {isa = PBXFileReference; lastKnownFileType = sourcecode.swift; path = ErrorView.swift; sourceTree = "<group>"; };
		C53A5F1328115ED000EC3C9D /* MeetingTimerView.swift */ = {isa = PBXFileReference; lastKnownFileType = sourcecode.swift; path = MeetingTimerView.swift; sourceTree = "<group>"; };
		C53A5F152811630400EC3C9D /* ScrumTimer - Speaker.swift */ = {isa = PBXFileReference; lastKnownFileType = sourcecode.swift; path = "ScrumTimer - Speaker.swift"; sourceTree = "<group>"; };
		C53A5F182811914400EC3C9D /* SpeakerArc.swift */ = {isa = PBXFileReference; lastKnownFileType = sourcecode.swift; path = SpeakerArc.swift; sourceTree = "<group>"; };
		C53A5F1A2811A00700EC3C9D /* SpeechRecognizer.swift */ = {isa = PBXFileReference; lastKnownFileType = sourcecode.swift; path = SpeechRecognizer.swift; sourceTree = "<group>"; };
		C53A5F1C2811A09200EC3C9D /* SpeechRecognizer - RecognizerError.swift */ = {isa = PBXFileReference; lastKnownFileType = sourcecode.swift; path = "SpeechRecognizer - RecognizerError.swift"; sourceTree = "<group>"; };
		C53A5F1E2811A21000EC3C9D /* SFSpeechRecognizer.swift */ = {isa = PBXFileReference; lastKnownFileType = sourcecode.swift; path = SFSpeechRecognizer.swift; sourceTree = "<group>"; };
		C53A5F202811A28400EC3C9D /* AVAudioSession.swift */ = {isa = PBXFileReference; lastKnownFileType = sourcecode.swift; path = AVAudioSession.swift; sourceTree = "<group>"; };
		C53A5F222811D4B900EC3C9D /* HistoryView.swift */ = {isa = PBXFileReference; lastKnownFileType = sourcecode.swift; path = HistoryView.swift; sourceTree = "<group>"; };
		C53A5F242811D76A00EC3C9D /* History + ListFormatter.swift */ = {isa = PBXFileReference; lastKnownFileType = sourcecode.swift; path = "History + ListFormatter.swift"; sourceTree = "<group>"; };
		C57838B1280EF48700D40214 /* ThemeView.swift */ = {isa = PBXFileReference; lastKnownFileType = sourcecode.swift; path = ThemeView.swift; sourceTree = "<group>"; };
		C57838B3280EF84100D40214 /* ThemePicker.swift */ = {isa = PBXFileReference; lastKnownFileType = sourcecode.swift; path = ThemePicker.swift; sourceTree = "<group>"; };
		C5C2FA61280F3C8A004733F4 /* MeetingHeaderView.swift */ = {isa = PBXFileReference; lastKnownFileType = sourcecode.swift; path = MeetingHeaderView.swift; sourceTree = "<group>"; };
		C5C2FA63280F473F004733F4 /* ScrumProgressViewStyle.swift */ = {isa = PBXFileReference; lastKnownFileType = sourcecode.swift; path = ScrumProgressViewStyle.swift; sourceTree = "<group>"; };
		C5C2FA65280F48A7004733F4 /* ScrumTimer.swift */ = {isa = PBXFileReference; lastKnownFileType = sourcecode.swift; path = ScrumTimer.swift; sourceTree = "<group>"; };
		C5C2FA68280F4E41004733F4 /* MeetingFooterView.swift */ = {isa = PBXFileReference; lastKnownFileType = sourcecode.swift; path = MeetingFooterView.swift; sourceTree = "<group>"; };
/* End PBXFileReference section */

/* Begin PBXFrameworksBuildPhase section */
		C5080CBC280DBA1900B48BFD /* Frameworks */ = {
			isa = PBXFrameworksBuildPhase;
			buildActionMask = 2147483647;
			files = (
			);
			runOnlyForDeploymentPostprocessing = 0;
		};
/* End PBXFrameworksBuildPhase section */

/* Begin PBXGroup section */
		C5080CB6280DBA1900B48BFD = {
			isa = PBXGroup;
			children = (
				C5080CC1280DBA1900B48BFD /* ScrumdingerOlivier */,
				C5080CC0280DBA1900B48BFD /* Products */,
			);
			sourceTree = "<group>";
		};
		C5080CC0280DBA1900B48BFD /* Products */ = {
			isa = PBXGroup;
			children = (
				C5080CBF280DBA1900B48BFD /* ScrumdingerOlivier.app */,
			);
			name = Products;
			sourceTree = "<group>";
		};
		C5080CC1280DBA1900B48BFD /* ScrumdingerOlivier */ = {
			isa = PBXGroup;
			children = (
				C5080CC2280DBA1900B48BFD /* ScrumdingerOlivierApp.swift */,
				C5080CC6280DBA1A00B48BFD /* Assets.xcassets */,
				C53A5EF92810006700EC3C9D /* Resources */,
				C5080CC8280DBA1A00B48BFD /* Preview Content */,
				C5080CD0280DBAD800B48BFD /* Model */,
				C5080CD1280DBAE300B48BFD /* View */,
			);
			path = ScrumdingerOlivier;
			sourceTree = "<group>";
		};
		C5080CC8280DBA1A00B48BFD /* Preview Content */ = {
			isa = PBXGroup;
			children = (
				C5080CC9280DBA1A00B48BFD /* Preview Assets.xcassets */,
			);
			path = "Preview Content";
			sourceTree = "<group>";
		};
		C5080CD0280DBAD800B48BFD /* Model */ = {
			isa = PBXGroup;
			children = (
				C53A5EF6280FFE3700EC3C9D /* Extension */,
				C5080CD4280DD8D300B48BFD /* DailyScrum.swift */,
				C53A5F0F28114A1500EC3C9D /* ErrorWrapper.swift */,
				C53A5EFC28100CEF00EC3C9D /* History.swift */,
				C53A5F0A2810502B00EC3C9D /* ScrumStore.swift */,
				C5C2FA65280F48A7004733F4 /* ScrumTimer.swift */,
				C53A5F1A2811A00700EC3C9D /* SpeechRecognizer.swift */,
				C5080CD2280DD6CA00B48BFD /* Theme.swift */,
				C5080CD9280DEE3D00B48BFD /* TrailingIconLabelStyle.swift */,
			);
			path = Model;
			sourceTree = "<group>";
		};
		C5080CD1280DBAE300B48BFD /* View */ = {
			isa = PBXGroup;
			children = (
				C5C2FA67280F4DB1004733F4 /* Component */,
				C53A5F0C281130AC00EC3C9D /* Modifier */,
				C53A5F17281166C000EC3C9D /* Shape */,
				C5080CDD280EA19500B48BFD /* DetailView.swift */,
				C5080CDF280EE29800B48BFD /* DetailEditView.swift */,
				C53A5F1128114B9A00EC3C9D /* ErrorView.swift */,
				C53A5F222811D4B900EC3C9D /* HistoryView.swift */,
				C5080CC4280DBA1900B48BFD /* MeetingView.swift */,
				C5080CDB280DF4F800B48BFD /* ScrumsView.swift */,
				C57838B1280EF48700D40214 /* ThemeView.swift */,
				C57838B3280EF84100D40214 /* ThemePicker.swift */,
			);
			path = View;
			sourceTree = "<group>";
		};
		C53A5EF6280FFE3700EC3C9D /* Extension */ = {
			isa = PBXGroup;
			children = (
				C53A5F202811A28400EC3C9D /* AVAudioSession.swift */,
				C53A5F1E2811A21000EC3C9D /* SFSpeechRecognizer.swift */,
				C53A5F0428104D7B00EC3C9D /* Array + DailyScrum.swift */,
				C53A5EF7280FFE5800EC3C9D /* AVPlayer + Ding.swift */,
				C53A5F0628104E3100EC3C9D /* DailyScrum + ScrumTimer.swift */,
				C53A5F242811D76A00EC3C9D /* History + ListFormatter.swift */,
				C53A5F0828104E9A00EC3C9D /* LabelStyle + TrailingIconLabelStyle.swift */,
				C53A5EFE28104A1000EC3C9D /* DailyScrum - Attendee.swift */,
				C53A5F0028104A9400EC3C9D /* DailyScrum - Data.swift */,
				C53A5F152811630400EC3C9D /* ScrumTimer - Speaker.swift */,
				C53A5F1C2811A09200EC3C9D /* SpeechRecognizer - RecognizerError.swift */,
			);
			path = Extension;
			sourceTree = "<group>";
		};
		C53A5EF92810006700EC3C9D /* Resources */ = {
			isa = PBXGroup;
			children = (
				C53A5EFA2810009600EC3C9D /* ding.wav */,
			);
			path = Resources;
			sourceTree = "<group>";
		};
		C53A5F0C281130AC00EC3C9D /* Modifier */ = {
			isa = PBXGroup;
			children = (
				C53A5F0D281130D100EC3C9D /* ScrumsListSeparator.swift */,
			);
			path = Modifier;
			sourceTree = "<group>";
		};
		C53A5F17281166C000EC3C9D /* Shape */ = {
			isa = PBXGroup;
			children = (
				C53A5F182811914400EC3C9D /* SpeakerArc.swift */,
			);
			path = Shape;
			sourceTree = "<group>";
		};
		C5C2FA67280F4DB1004733F4 /* Component */ = {
			isa = PBXGroup;
			children = (
				C5080CD7280DDD9600B48BFD /* CardView.swift */,
				C5C2FA61280F3C8A004733F4 /* MeetingHeaderView.swift */,
				C5C2FA68280F4E41004733F4 /* MeetingFooterView.swift */,
				C53A5F1328115ED000EC3C9D /* MeetingTimerView.swift */,
				C5C2FA63280F473F004733F4 /* ScrumProgressViewStyle.swift */,
			);
			path = Component;
			sourceTree = "<group>";
		};
/* End PBXGroup section */

/* Begin PBXNativeTarget section */
		C5080CBE280DBA1900B48BFD /* ScrumdingerOlivier */ = {
			isa = PBXNativeTarget;
			buildConfigurationList = C5080CCD280DBA1A00B48BFD /* Build configuration list for PBXNativeTarget "ScrumdingerOlivier" */;
			buildPhases = (
				C5080CBB280DBA1900B48BFD /* Sources */,
				C5080CBC280DBA1900B48BFD /* Frameworks */,
				C5080CBD280DBA1900B48BFD /* Resources */,
			);
			buildRules = (
			);
			dependencies = (
			);
			name = ScrumdingerOlivier;
			productName = ScrumdingerOlivier;
			productReference = C5080CBF280DBA1900B48BFD /* ScrumdingerOlivier.app */;
			productType = "com.apple.product-type.application";
		};
/* End PBXNativeTarget section */

/* Begin PBXProject section */
		C5080CB7280DBA1900B48BFD /* Project object */ = {
			isa = PBXProject;
			attributes = {
				BuildIndependentTargetsInParallel = 1;
				LastSwiftUpdateCheck = 1330;
				LastUpgradeCheck = 1330;
				TargetAttributes = {
					C5080CBE280DBA1900B48BFD = {
						CreatedOnToolsVersion = 13.3.1;
					};
				};
			};
			buildConfigurationList = C5080CBA280DBA1900B48BFD /* Build configuration list for PBXProject "ScrumdingerOlivier" */;
			compatibilityVersion = "Xcode 13.0";
			developmentRegion = en;
			hasScannedForEncodings = 0;
			knownRegions = (
				en,
				Base,
			);
			mainGroup = C5080CB6280DBA1900B48BFD;
			productRefGroup = C5080CC0280DBA1900B48BFD /* Products */;
			projectDirPath = "";
			projectRoot = "";
			targets = (
				C5080CBE280DBA1900B48BFD /* ScrumdingerOlivier */,
			);
		};
/* End PBXProject section */

/* Begin PBXResourcesBuildPhase section */
		C5080CBD280DBA1900B48BFD /* Resources */ = {
			isa = PBXResourcesBuildPhase;
			buildActionMask = 2147483647;
			files = (
				C53A5EFB2810009600EC3C9D /* ding.wav in Resources */,
				C5080CCA280DBA1A00B48BFD /* Preview Assets.xcassets in Resources */,
				C5080CC7280DBA1A00B48BFD /* Assets.xcassets in Resources */,
			);
			runOnlyForDeploymentPostprocessing = 0;
		};
/* End PBXResourcesBuildPhase section */

/* Begin PBXSourcesBuildPhase section */
		C5080CBB280DBA1900B48BFD /* Sources */ = {
			isa = PBXSourcesBuildPhase;
			buildActionMask = 2147483647;
			files = (
				C53A5F0128104A9400EC3C9D /* DailyScrum - Data.swift in Sources */,
				C53A5EFF28104A1000EC3C9D /* DailyScrum - Attendee.swift in Sources */,
				C53A5EFD28100CEF00EC3C9D /* History.swift in Sources */,
				C53A5F192811914400EC3C9D /* SpeakerArc.swift in Sources */,
				C57838B4280EF84100D40214 /* ThemePicker.swift in Sources */,
				C53A5F1B2811A00700EC3C9D /* SpeechRecognizer.swift in Sources */,
				C53A5F0528104D7B00EC3C9D /* Array + DailyScrum.swift in Sources */,
				C5C2FA64280F473F004733F4 /* ScrumProgressViewStyle.swift in Sources */,
				C5C2FA69280F4E41004733F4 /* MeetingFooterView.swift in Sources */,
				C53A5F252811D76A00EC3C9D /* History + ListFormatter.swift in Sources */,
				C53A5F1D2811A09200EC3C9D /* SpeechRecognizer - RecognizerError.swift in Sources */,
				C5C2FA66280F48A7004733F4 /* ScrumTimer.swift in Sources */,
				C5080CD5280DD8D300B48BFD /* DailyScrum.swift in Sources */,
				C5080CDE280EA19500B48BFD /* DetailView.swift in Sources */,
				C53A5F0928104E9A00EC3C9D /* LabelStyle + TrailingIconLabelStyle.swift in Sources */,
				C53A5F1228114B9A00EC3C9D /* ErrorView.swift in Sources */,
				C53A5F232811D4B900EC3C9D /* HistoryView.swift in Sources */,
				C5C2FA62280F3C8A004733F4 /* MeetingHeaderView.swift in Sources */,
				C5080CE0280EE29800B48BFD /* DetailEditView.swift in Sources */,
				C53A5F1028114A1500EC3C9D /* ErrorWrapper.swift in Sources */,
				C5080CDA280DEE3D00B48BFD /* TrailingIconLabelStyle.swift in Sources */,
				C53A5F0E281130D100EC3C9D /* ScrumsListSeparator.swift in Sources */,
				C53A5F212811A28400EC3C9D /* AVAudioSession.swift in Sources */,
				C5080CD3280DD6CA00B48BFD /* Theme.swift in Sources */,
				C5080CDC280DF4F800B48BFD /* ScrumsView.swift in Sources */,
				C5080CC5280DBA1900B48BFD /* MeetingView.swift in Sources */,
				C53A5F162811630400EC3C9D /* ScrumTimer - Speaker.swift in Sources */,
				C53A5F0728104E3100EC3C9D /* DailyScrum + ScrumTimer.swift in Sources */,
				C53A5F0B2810502B00EC3C9D /* ScrumStore.swift in Sources */,
				C5080CC3280DBA1900B48BFD /* ScrumdingerOlivierApp.swift in Sources */,
				C57838B2280EF48700D40214 /* ThemeView.swift in Sources */,
				C53A5F1F2811A21000EC3C9D /* SFSpeechRecognizer.swift in Sources */,
				C53A5F1428115ED000EC3C9D /* MeetingTimerView.swift in Sources */,
				C5080CD8280DDD9600B48BFD /* CardView.swift in Sources */,
				C53A5EF8280FFE5800EC3C9D /* AVPlayer + Ding.swift in Sources */,
			);
			runOnlyForDeploymentPostprocessing = 0;
		};
/* End PBXSourcesBuildPhase section */

/* Begin XCBuildConfiguration section */
		C5080CCB280DBA1A00B48BFD /* Debug */ = {
			isa = XCBuildConfiguration;
			buildSettings = {
				ALWAYS_SEARCH_USER_PATHS = NO;
				CLANG_ANALYZER_NONNULL = YES;
				CLANG_ANALYZER_NUMBER_OBJECT_CONVERSION = YES_AGGRESSIVE;
				CLANG_CXX_LANGUAGE_STANDARD = "gnu++17";
				CLANG_ENABLE_MODULES = YES;
				CLANG_ENABLE_OBJC_ARC = YES;
				CLANG_ENABLE_OBJC_WEAK = YES;
				CLANG_WARN_BLOCK_CAPTURE_AUTORELEASING = YES;
				CLANG_WARN_BOOL_CONVERSION = YES;
				CLANG_WARN_COMMA = YES;
				CLANG_WARN_CONSTANT_CONVERSION = YES;
				CLANG_WARN_DEPRECATED_OBJC_IMPLEMENTATIONS = YES;
				CLANG_WARN_DIRECT_OBJC_ISA_USAGE = YES_ERROR;
				CLANG_WARN_DOCUMENTATION_COMMENTS = YES;
				CLANG_WARN_EMPTY_BODY = YES;
				CLANG_WARN_ENUM_CONVERSION = YES;
				CLANG_WARN_INFINITE_RECURSION = YES;
				CLANG_WARN_INT_CONVERSION = YES;
				CLANG_WARN_NON_LITERAL_NULL_CONVERSION = YES;
				CLANG_WARN_OBJC_IMPLICIT_RETAIN_SELF = YES;
				CLANG_WARN_OBJC_LITERAL_CONVERSION = YES;
				CLANG_WARN_OBJC_ROOT_CLASS = YES_ERROR;
				CLANG_WARN_QUOTED_INCLUDE_IN_FRAMEWORK_HEADER = YES;
				CLANG_WARN_RANGE_LOOP_ANALYSIS = YES;
				CLANG_WARN_STRICT_PROTOTYPES = YES;
				CLANG_WARN_SUSPICIOUS_MOVE = YES;
				CLANG_WARN_UNGUARDED_AVAILABILITY = YES_AGGRESSIVE;
				CLANG_WARN_UNREACHABLE_CODE = YES;
				CLANG_WARN__DUPLICATE_METHOD_MATCH = YES;
				COPY_PHASE_STRIP = NO;
				DEBUG_INFORMATION_FORMAT = dwarf;
				ENABLE_STRICT_OBJC_MSGSEND = YES;
				ENABLE_TESTABILITY = YES;
				GCC_C_LANGUAGE_STANDARD = gnu11;
				GCC_DYNAMIC_NO_PIC = NO;
				GCC_NO_COMMON_BLOCKS = YES;
				GCC_OPTIMIZATION_LEVEL = 0;
				GCC_PREPROCESSOR_DEFINITIONS = (
					"DEBUG=1",
					"$(inherited)",
				);
				GCC_WARN_64_TO_32_BIT_CONVERSION = YES;
				GCC_WARN_ABOUT_RETURN_TYPE = YES_ERROR;
				GCC_WARN_UNDECLARED_SELECTOR = YES;
				GCC_WARN_UNINITIALIZED_AUTOS = YES_AGGRESSIVE;
				GCC_WARN_UNUSED_FUNCTION = YES;
				GCC_WARN_UNUSED_VARIABLE = YES;
				IPHONEOS_DEPLOYMENT_TARGET = 15.4;
				MTL_ENABLE_DEBUG_INFO = INCLUDE_SOURCE;
				MTL_FAST_MATH = YES;
				ONLY_ACTIVE_ARCH = YES;
				SDKROOT = iphoneos;
				SWIFT_ACTIVE_COMPILATION_CONDITIONS = DEBUG;
				SWIFT_OPTIMIZATION_LEVEL = "-Onone";
			};
			name = Debug;
		};
		C5080CCC280DBA1A00B48BFD /* Release */ = {
			isa = XCBuildConfiguration;
			buildSettings = {
				ALWAYS_SEARCH_USER_PATHS = NO;
				CLANG_ANALYZER_NONNULL = YES;
				CLANG_ANALYZER_NUMBER_OBJECT_CONVERSION = YES_AGGRESSIVE;
				CLANG_CXX_LANGUAGE_STANDARD = "gnu++17";
				CLANG_ENABLE_MODULES = YES;
				CLANG_ENABLE_OBJC_ARC = YES;
				CLANG_ENABLE_OBJC_WEAK = YES;
				CLANG_WARN_BLOCK_CAPTURE_AUTORELEASING = YES;
				CLANG_WARN_BOOL_CONVERSION = YES;
				CLANG_WARN_COMMA = YES;
				CLANG_WARN_CONSTANT_CONVERSION = YES;
				CLANG_WARN_DEPRECATED_OBJC_IMPLEMENTATIONS = YES;
				CLANG_WARN_DIRECT_OBJC_ISA_USAGE = YES_ERROR;
				CLANG_WARN_DOCUMENTATION_COMMENTS = YES;
				CLANG_WARN_EMPTY_BODY = YES;
				CLANG_WARN_ENUM_CONVERSION = YES;
				CLANG_WARN_INFINITE_RECURSION = YES;
				CLANG_WARN_INT_CONVERSION = YES;
				CLANG_WARN_NON_LITERAL_NULL_CONVERSION = YES;
				CLANG_WARN_OBJC_IMPLICIT_RETAIN_SELF = YES;
				CLANG_WARN_OBJC_LITERAL_CONVERSION = YES;
				CLANG_WARN_OBJC_ROOT_CLASS = YES_ERROR;
				CLANG_WARN_QUOTED_INCLUDE_IN_FRAMEWORK_HEADER = YES;
				CLANG_WARN_RANGE_LOOP_ANALYSIS = YES;
				CLANG_WARN_STRICT_PROTOTYPES = YES;
				CLANG_WARN_SUSPICIOUS_MOVE = YES;
				CLANG_WARN_UNGUARDED_AVAILABILITY = YES_AGGRESSIVE;
				CLANG_WARN_UNREACHABLE_CODE = YES;
				CLANG_WARN__DUPLICATE_METHOD_MATCH = YES;
				COPY_PHASE_STRIP = NO;
				DEBUG_INFORMATION_FORMAT = "dwarf-with-dsym";
				ENABLE_NS_ASSERTIONS = NO;
				ENABLE_STRICT_OBJC_MSGSEND = YES;
				GCC_C_LANGUAGE_STANDARD = gnu11;
				GCC_NO_COMMON_BLOCKS = YES;
				GCC_WARN_64_TO_32_BIT_CONVERSION = YES;
				GCC_WARN_ABOUT_RETURN_TYPE = YES_ERROR;
				GCC_WARN_UNDECLARED_SELECTOR = YES;
				GCC_WARN_UNINITIALIZED_AUTOS = YES_AGGRESSIVE;
				GCC_WARN_UNUSED_FUNCTION = YES;
				GCC_WARN_UNUSED_VARIABLE = YES;
				IPHONEOS_DEPLOYMENT_TARGET = 15.4;
				MTL_ENABLE_DEBUG_INFO = NO;
				MTL_FAST_MATH = YES;
				SDKROOT = iphoneos;
				SWIFT_COMPILATION_MODE = wholemodule;
				SWIFT_OPTIMIZATION_LEVEL = "-O";
				VALIDATE_PRODUCT = YES;
			};
			name = Release;
		};
		C5080CCE280DBA1A00B48BFD /* Debug */ = {
			isa = XCBuildConfiguration;
			buildSettings = {
				ASSETCATALOG_COMPILER_APPICON_NAME = AppIcon;
				ASSETCATALOG_COMPILER_GLOBAL_ACCENT_COLOR_NAME = AccentColor;
				CODE_SIGN_STYLE = Automatic;
				CURRENT_PROJECT_VERSION = 1;
				DEVELOPMENT_ASSET_PATHS = "\"ScrumdingerOlivier/Preview Content\"";
				DEVELOPMENT_TEAM = PKTBX2CYQK;
				ENABLE_PREVIEWS = YES;
				GENERATE_INFOPLIST_FILE = YES;
				INFOPLIST_KEY_NSMicrophoneUsageDescription = "Audio is recorded to transcribe the meeting. Audio recordings are discarded after transcription.";
				INFOPLIST_KEY_NSSpeechRecognitionUsageDescription = "You can view a text transcription of your meeting in the app.";
				INFOPLIST_KEY_UIApplicationSceneManifest_Generation = YES;
				INFOPLIST_KEY_UIApplicationSupportsIndirectInputEvents = YES;
				INFOPLIST_KEY_UILaunchScreen_Generation = YES;
				INFOPLIST_KEY_UISupportedInterfaceOrientations_iPad = "UIInterfaceOrientationPortrait UIInterfaceOrientationPortraitUpsideDown UIInterfaceOrientationLandscapeLeft UIInterfaceOrientationLandscapeRight";
				INFOPLIST_KEY_UISupportedInterfaceOrientations_iPhone = "UIInterfaceOrientationPortrait UIInterfaceOrientationLandscapeLeft UIInterfaceOrientationLandscapeRight";
				IPHONEOS_DEPLOYMENT_TARGET = 15.4;
				LD_RUNPATH_SEARCH_PATHS = (
					"$(inherited)",
					"@executable_path/Frameworks",
				);
				MARKETING_VERSION = 1.0;
				PRODUCT_BUNDLE_IDENTIFIER = nicefiction.ScrumdingerOlivier;
				PRODUCT_NAME = "$(TARGET_NAME)";
				SWIFT_EMIT_LOC_STRINGS = YES;
				SWIFT_VERSION = 5.0;
				TARGETED_DEVICE_FAMILY = "1,2";
			};
			name = Debug;
		};
		C5080CCF280DBA1A00B48BFD /* Release */ = {
			isa = XCBuildConfiguration;
			buildSettings = {
				ASSETCATALOG_COMPILER_APPICON_NAME = AppIcon;
				ASSETCATALOG_COMPILER_GLOBAL_ACCENT_COLOR_NAME = AccentColor;
				CODE_SIGN_STYLE = Automatic;
				CURRENT_PROJECT_VERSION = 1;
				DEVELOPMENT_ASSET_PATHS = "\"ScrumdingerOlivier/Preview Content\"";
				DEVELOPMENT_TEAM = PKTBX2CYQK;
				ENABLE_PREVIEWS = YES;
				GENERATE_INFOPLIST_FILE = YES;
				INFOPLIST_KEY_NSMicrophoneUsageDescription = "Audio is recorded to transcribe the meeting. Audio recordings are discarded after transcription.";
				INFOPLIST_KEY_NSSpeechRecognitionUsageDescription = "You can view a text transcription of your meeting in the app.";
				INFOPLIST_KEY_UIApplicationSceneManifest_Generation = YES;
				INFOPLIST_KEY_UIApplicationSupportsIndirectInputEvents = YES;
				INFOPLIST_KEY_UILaunchScreen_Generation = YES;
				INFOPLIST_KEY_UISupportedInterfaceOrientations_iPad = "UIInterfaceOrientationPortrait UIInterfaceOrientationPortraitUpsideDown UIInterfaceOrientationLandscapeLeft UIInterfaceOrientationLandscapeRight";
				INFOPLIST_KEY_UISupportedInterfaceOrientations_iPhone = "UIInterfaceOrientationPortrait UIInterfaceOrientationLandscapeLeft UIInterfaceOrientationLandscapeRight";
				IPHONEOS_DEPLOYMENT_TARGET = 15.4;
				LD_RUNPATH_SEARCH_PATHS = (
					"$(inherited)",
					"@executable_path/Frameworks",
				);
				MARKETING_VERSION = 1.0;
				PRODUCT_BUNDLE_IDENTIFIER = nicefiction.ScrumdingerOlivier;
				PRODUCT_NAME = "$(TARGET_NAME)";
				SWIFT_EMIT_LOC_STRINGS = YES;
				SWIFT_VERSION = 5.0;
				TARGETED_DEVICE_FAMILY = "1,2";
			};
			name = Release;
		};
/* End XCBuildConfiguration section */

/* Begin XCConfigurationList section */
		C5080CBA280DBA1900B48BFD /* Build configuration list for PBXProject "ScrumdingerOlivier" */ = {
			isa = XCConfigurationList;
			buildConfigurations = (
				C5080CCB280DBA1A00B48BFD /* Debug */,
				C5080CCC280DBA1A00B48BFD /* Release */,
			);
			defaultConfigurationIsVisible = 0;
			defaultConfigurationName = Release;
		};
		C5080CCD280DBA1A00B48BFD /* Build configuration list for PBXNativeTarget "ScrumdingerOlivier" */ = {
			isa = XCConfigurationList;
			buildConfigurations = (
				C5080CCE280DBA1A00B48BFD /* Debug */,
				C5080CCF280DBA1A00B48BFD /* Release */,
			);
			defaultConfigurationIsVisible = 0;
			defaultConfigurationName = Release;
		};
/* End XCConfigurationList section */
	};
	rootObject = C5080CB7280DBA1900B48BFD /* Project object */;
}
